// !$*UTF8*$!
{
	archiveVersion = 1;
	classes = {
	};
	objectVersion = 50;
	objects = {

/* Begin PBXBuildFile section */
		D4109D8F2293D28700597A49 /* Sample.swift in Sources */ = {isa = PBXBuildFile; fileRef = D4109D8E2293D28700597A49 /* Sample.swift */; };
		D4109D912293D2A800597A49 /* DecodingTests.swift in Sources */ = {isa = PBXBuildFile; fileRef = D4109D902293D2A800597A49 /* DecodingTests.swift */; };
		D4109D932293D37000597A49 /* ObjectResponse.swift in Sources */ = {isa = PBXBuildFile; fileRef = D4109D922293D37000597A49 /* ObjectResponse.swift */; };
		D4109D972293E5D200597A49 /* QueryTests.swift in Sources */ = {isa = PBXBuildFile; fileRef = D4109D962293E5D200597A49 /* QueryTests.swift */; };
		D4109D9A2293EEDD00597A49 /* Constants.swift in Sources */ = {isa = PBXBuildFile; fileRef = D4109D992293EEDD00597A49 /* Constants.swift */; };
		D4109D9C2293EFA200597A49 /* Endpoint.swift in Sources */ = {isa = PBXBuildFile; fileRef = D4109D9B2293EFA200597A49 /* Endpoint.swift */; };
		D4109D9E2293EFD100597A49 /* NetworkingError.swift in Sources */ = {isa = PBXBuildFile; fileRef = D4109D9D2293EFD100597A49 /* NetworkingError.swift */; };
		D4109DA02293F0A500597A49 /* HTTPMethod.swift in Sources */ = {isa = PBXBuildFile; fileRef = D4109D9F2293F0A500597A49 /* HTTPMethod.swift */; };
		D4109DA22293F0DA00597A49 /* DecodingManager.swift in Sources */ = {isa = PBXBuildFile; fileRef = D4109DA12293F0DA00597A49 /* DecodingManager.swift */; };
		D4109DA42293F0FF00597A49 /* NetworkingManager.swift in Sources */ = {isa = PBXBuildFile; fileRef = D4109DA32293F0FF00597A49 /* NetworkingManager.swift */; };
		D4109DA62293F22E00597A49 /* QueryEndpoint.swift in Sources */ = {isa = PBXBuildFile; fileRef = D4109DA52293F22E00597A49 /* QueryEndpoint.swift */; };
		D4109DA82293F41600597A49 /* ParameterEncoder.swift in Sources */ = {isa = PBXBuildFile; fileRef = D4109DA72293F41600597A49 /* ParameterEncoder.swift */; };
		D4109DAB2293F43E00597A49 /* HeaderEncoder.swift in Sources */ = {isa = PBXBuildFile; fileRef = D4109DAA2293F43E00597A49 /* HeaderEncoder.swift */; };
		D4109DAD2293F45800597A49 /* PostParameterEncoder.swift in Sources */ = {isa = PBXBuildFile; fileRef = D4109DAC2293F45800597A49 /* PostParameterEncoder.swift */; };
		D4109DAF2293F47000597A49 /* URLParameterEncoder.swift in Sources */ = {isa = PBXBuildFile; fileRef = D4109DAE2293F47000597A49 /* URLParameterEncoder.swift */; };
		D4109DD7229551D100597A49 /* Theme.swift in Sources */ = {isa = PBXBuildFile; fileRef = D4109DD6229551D100597A49 /* Theme.swift */; };
		D4580FB22292A16200D0E8F7 /* AppDelegate.swift in Sources */ = {isa = PBXBuildFile; fileRef = D4580FB12292A16200D0E8F7 /* AppDelegate.swift */; };
		D4580FB42292A16200D0E8F7 /* FirstViewController.swift in Sources */ = {isa = PBXBuildFile; fileRef = D4580FB32292A16200D0E8F7 /* FirstViewController.swift */; };
		D4580FB62292A16200D0E8F7 /* SecondViewController.swift in Sources */ = {isa = PBXBuildFile; fileRef = D4580FB52292A16200D0E8F7 /* SecondViewController.swift */; };
		D4580FB92292A16200D0E8F7 /* Main.storyboard in Resources */ = {isa = PBXBuildFile; fileRef = D4580FB72292A16200D0E8F7 /* Main.storyboard */; };
		D4580FBB2292A16300D0E8F7 /* Assets.xcassets in Resources */ = {isa = PBXBuildFile; fileRef = D4580FBA2292A16300D0E8F7 /* Assets.xcassets */; };
		D4580FBE2292A16300D0E8F7 /* LaunchScreen.storyboard in Resources */ = {isa = PBXBuildFile; fileRef = D4580FBC2292A16300D0E8F7 /* LaunchScreen.storyboard */; };
		D4580FD62292B51500D0E8F7 /* Character.swift in Sources */ = {isa = PBXBuildFile; fileRef = D4580FD52292B51500D0E8F7 /* Character.swift */; };
		D4580FD82292B51E00D0E8F7 /* Location.swift in Sources */ = {isa = PBXBuildFile; fileRef = D4580FD72292B51E00D0E8F7 /* Location.swift */; };
		D4580FDB2292C24800D0E8F7 /* Queryable.swift in Sources */ = {isa = PBXBuildFile; fileRef = D4580FDA2292C24800D0E8F7 /* Queryable.swift */; };
		D487F7B422933FE60019D9B3 /* Info.swift in Sources */ = {isa = PBXBuildFile; fileRef = D487F7B322933FE60019D9B3 /* Info.swift */; };
		D487F7B62293430C0019D9B3 /* Query.swift in Sources */ = {isa = PBXBuildFile; fileRef = D487F7B52293430C0019D9B3 /* Query.swift */; };
		D487F7B822934F640019D9B3 /* ListResponse.swift in Sources */ = {isa = PBXBuildFile; fileRef = D487F7B722934F640019D9B3 /* ListResponse.swift */; };
		D487F7BB229352B40019D9B3 /* Character.json in Resources */ = {isa = PBXBuildFile; fileRef = D487F7BA229352B40019D9B3 /* Character.json */; };
		D487F7BD229352DB0019D9B3 /* Characters.json in Resources */ = {isa = PBXBuildFile; fileRef = D487F7BC229352DB0019D9B3 /* Characters.json */; };
		D487F7BF229361780019D9B3 /* Location.json in Resources */ = {isa = PBXBuildFile; fileRef = D487F7BE229361780019D9B3 /* Location.json */; };
/* End PBXBuildFile section */

/* Begin PBXContainerItemProxy section */
		D4580FC52292A16300D0E8F7 /* PBXContainerItemProxy */ = {
			isa = PBXContainerItemProxy;
			containerPortal = D4580FA62292A16200D0E8F7 /* Project object */;
			proxyType = 1;
			remoteGlobalIDString = D4580FAD2292A16200D0E8F7;
			remoteInfo = RickAndMorty;
		};
/* End PBXContainerItemProxy section */

/* Begin PBXFileReference section */
		D4109D8E2293D28700597A49 /* Sample.swift */ = {isa = PBXFileReference; lastKnownFileType = sourcecode.swift; path = Sample.swift; sourceTree = "<group>"; };
		D4109D902293D2A800597A49 /* DecodingTests.swift */ = {isa = PBXFileReference; lastKnownFileType = sourcecode.swift; path = DecodingTests.swift; sourceTree = "<group>"; };
		D4109D922293D37000597A49 /* ObjectResponse.swift */ = {isa = PBXFileReference; lastKnownFileType = sourcecode.swift; path = ObjectResponse.swift; sourceTree = "<group>"; };
		D4109D962293E5D200597A49 /* QueryTests.swift */ = {isa = PBXFileReference; lastKnownFileType = sourcecode.swift; path = QueryTests.swift; sourceTree = "<group>"; };
		D4109D992293EEDD00597A49 /* Constants.swift */ = {isa = PBXFileReference; lastKnownFileType = sourcecode.swift; path = Constants.swift; sourceTree = "<group>"; };
		D4109D9B2293EFA200597A49 /* Endpoint.swift */ = {isa = PBXFileReference; lastKnownFileType = sourcecode.swift; path = Endpoint.swift; sourceTree = "<group>"; };
		D4109D9D2293EFD100597A49 /* NetworkingError.swift */ = {isa = PBXFileReference; lastKnownFileType = sourcecode.swift; path = NetworkingError.swift; sourceTree = "<group>"; };
		D4109D9F2293F0A500597A49 /* HTTPMethod.swift */ = {isa = PBXFileReference; lastKnownFileType = sourcecode.swift; path = HTTPMethod.swift; sourceTree = "<group>"; };
		D4109DA12293F0DA00597A49 /* DecodingManager.swift */ = {isa = PBXFileReference; lastKnownFileType = sourcecode.swift; path = DecodingManager.swift; sourceTree = "<group>"; };
		D4109DA32293F0FF00597A49 /* NetworkingManager.swift */ = {isa = PBXFileReference; lastKnownFileType = sourcecode.swift; path = NetworkingManager.swift; sourceTree = "<group>"; };
		D4109DA52293F22E00597A49 /* QueryEndpoint.swift */ = {isa = PBXFileReference; lastKnownFileType = sourcecode.swift; path = QueryEndpoint.swift; sourceTree = "<group>"; };
		D4109DA72293F41600597A49 /* ParameterEncoder.swift */ = {isa = PBXFileReference; lastKnownFileType = sourcecode.swift; path = ParameterEncoder.swift; sourceTree = "<group>"; };
		D4109DAA2293F43E00597A49 /* HeaderEncoder.swift */ = {isa = PBXFileReference; lastKnownFileType = sourcecode.swift; path = HeaderEncoder.swift; sourceTree = "<group>"; };
		D4109DAC2293F45800597A49 /* PostParameterEncoder.swift */ = {isa = PBXFileReference; lastKnownFileType = sourcecode.swift; path = PostParameterEncoder.swift; sourceTree = "<group>"; };
		D4109DAE2293F47000597A49 /* URLParameterEncoder.swift */ = {isa = PBXFileReference; lastKnownFileType = sourcecode.swift; path = URLParameterEncoder.swift; sourceTree = "<group>"; };
		D4109DD6229551D100597A49 /* Theme.swift */ = {isa = PBXFileReference; lastKnownFileType = sourcecode.swift; path = Theme.swift; sourceTree = "<group>"; };
		D4580FAE2292A16200D0E8F7 /* RickAndMorty.app */ = {isa = PBXFileReference; explicitFileType = wrapper.application; includeInIndex = 0; path = RickAndMorty.app; sourceTree = BUILT_PRODUCTS_DIR; };
		D4580FB12292A16200D0E8F7 /* AppDelegate.swift */ = {isa = PBXFileReference; lastKnownFileType = sourcecode.swift; path = AppDelegate.swift; sourceTree = "<group>"; };
		D4580FB32292A16200D0E8F7 /* FirstViewController.swift */ = {isa = PBXFileReference; lastKnownFileType = sourcecode.swift; path = FirstViewController.swift; sourceTree = "<group>"; };
		D4580FB52292A16200D0E8F7 /* SecondViewController.swift */ = {isa = PBXFileReference; lastKnownFileType = sourcecode.swift; path = SecondViewController.swift; sourceTree = "<group>"; };
		D4580FB82292A16200D0E8F7 /* Base */ = {isa = PBXFileReference; lastKnownFileType = file.storyboard; name = Base; path = Base.lproj/Main.storyboard; sourceTree = "<group>"; };
		D4580FBA2292A16300D0E8F7 /* Assets.xcassets */ = {isa = PBXFileReference; lastKnownFileType = folder.assetcatalog; path = Assets.xcassets; sourceTree = "<group>"; };
		D4580FBD2292A16300D0E8F7 /* Base */ = {isa = PBXFileReference; lastKnownFileType = file.storyboard; name = Base; path = Base.lproj/LaunchScreen.storyboard; sourceTree = "<group>"; };
		D4580FBF2292A16300D0E8F7 /* Info.plist */ = {isa = PBXFileReference; lastKnownFileType = text.plist.xml; path = Info.plist; sourceTree = "<group>"; };
		D4580FC42292A16300D0E8F7 /* RickAndMortyTests.xctest */ = {isa = PBXFileReference; explicitFileType = wrapper.cfbundle; includeInIndex = 0; path = RickAndMortyTests.xctest; sourceTree = BUILT_PRODUCTS_DIR; };
		D4580FCA2292A16300D0E8F7 /* Info.plist */ = {isa = PBXFileReference; lastKnownFileType = text.plist.xml; path = Info.plist; sourceTree = "<group>"; };
		D4580FD52292B51500D0E8F7 /* Character.swift */ = {isa = PBXFileReference; lastKnownFileType = sourcecode.swift; path = Character.swift; sourceTree = "<group>"; };
		D4580FD72292B51E00D0E8F7 /* Location.swift */ = {isa = PBXFileReference; lastKnownFileType = sourcecode.swift; path = Location.swift; sourceTree = "<group>"; };
		D4580FDA2292C24800D0E8F7 /* Queryable.swift */ = {isa = PBXFileReference; lastKnownFileType = sourcecode.swift; path = Queryable.swift; sourceTree = "<group>"; };
		D487F7B322933FE60019D9B3 /* Info.swift */ = {isa = PBXFileReference; lastKnownFileType = sourcecode.swift; path = Info.swift; sourceTree = "<group>"; };
		D487F7B52293430C0019D9B3 /* Query.swift */ = {isa = PBXFileReference; lastKnownFileType = sourcecode.swift; path = Query.swift; sourceTree = "<group>"; };
		D487F7B722934F640019D9B3 /* ListResponse.swift */ = {isa = PBXFileReference; lastKnownFileType = sourcecode.swift; path = ListResponse.swift; sourceTree = "<group>"; };
		D487F7BA229352B40019D9B3 /* Character.json */ = {isa = PBXFileReference; lastKnownFileType = text.json; path = Character.json; sourceTree = "<group>"; };
		D487F7BC229352DB0019D9B3 /* Characters.json */ = {isa = PBXFileReference; lastKnownFileType = text.json; path = Characters.json; sourceTree = "<group>"; };
		D487F7BE229361780019D9B3 /* Location.json */ = {isa = PBXFileReference; lastKnownFileType = text.json; path = Location.json; sourceTree = "<group>"; };
/* End PBXFileReference section */

/* Begin PBXFrameworksBuildPhase section */
		D4580FAB2292A16200D0E8F7 /* Frameworks */ = {
			isa = PBXFrameworksBuildPhase;
			buildActionMask = 2147483647;
			files = (
			);
			runOnlyForDeploymentPostprocessing = 0;
		};
		D4580FC12292A16300D0E8F7 /* Frameworks */ = {
			isa = PBXFrameworksBuildPhase;
			buildActionMask = 2147483647;
			files = (
			);
			runOnlyForDeploymentPostprocessing = 0;
		};
/* End PBXFrameworksBuildPhase section */

/* Begin PBXGroup section */
		D4109D942293DB0A00597A49 /* Protocols */ = {
			isa = PBXGroup;
			children = (
				D4580FDA2292C24800D0E8F7 /* Queryable.swift */,
			);
			path = Protocols;
			sourceTree = "<group>";
		};
		D4109D952293DF9100597A49 /* Responses */ = {
			isa = PBXGroup;
			children = (
				D487F7B722934F640019D9B3 /* ListResponse.swift */,
				D4109D922293D37000597A49 /* ObjectResponse.swift */,
			);
			path = Responses;
			sourceTree = "<group>";
		};
		D4109D982293EE8600597A49 /* Protocols */ = {
			isa = PBXGroup;
			children = (
				D4109D9B2293EFA200597A49 /* Endpoint.swift */,
				D4109DA72293F41600597A49 /* ParameterEncoder.swift */,
			);
			path = Protocols;
			sourceTree = "<group>";
		};
		D4109DA92293F42400597A49 /* Encoders */ = {
			isa = PBXGroup;
			children = (
				D4109DAA2293F43E00597A49 /* HeaderEncoder.swift */,
				D4109DAC2293F45800597A49 /* PostParameterEncoder.swift */,
				D4109DAE2293F47000597A49 /* URLParameterEncoder.swift */,
			);
			path = Encoders;
			sourceTree = "<group>";
		};
		D4109DB82294260300597A49 /* UI */ = {
			isa = PBXGroup;
			children = (
				D4109DD5229551C300597A49 /* Theme */,
			);
			path = UI;
			sourceTree = "<group>";
		};
		D4109DD5229551C300597A49 /* Theme */ = {
			isa = PBXGroup;
			children = (
				D4109DD6229551D100597A49 /* Theme.swift */,
			);
			path = Theme;
			sourceTree = "<group>";
		};
		D4580FA52292A16200D0E8F7 = {
			isa = PBXGroup;
			children = (
				D4580FB02292A16200D0E8F7 /* RickAndMorty */,
				D4580FC72292A16300D0E8F7 /* RickAndMortyTests */,
				D4580FAF2292A16200D0E8F7 /* Products */,
			);
			sourceTree = "<group>";
		};
		D4580FAF2292A16200D0E8F7 /* Products */ = {
			isa = PBXGroup;
			children = (
				D4580FAE2292A16200D0E8F7 /* RickAndMorty.app */,
				D4580FC42292A16300D0E8F7 /* RickAndMortyTests.xctest */,
			);
			name = Products;
			sourceTree = "<group>";
		};
		D4580FB02292A16200D0E8F7 /* RickAndMorty */ = {
			isa = PBXGroup;
			children = (
				D4109D992293EEDD00597A49 /* Constants.swift */,
				D4580FD42292A4ED00D0E8F7 /* Networking */,
				D4580FD32292A4DD00D0E8F7 /* Model */,
				D4109DB82294260300597A49 /* UI */,
				D4580FB12292A16200D0E8F7 /* AppDelegate.swift */,
				D4580FB32292A16200D0E8F7 /* FirstViewController.swift */,
				D4580FB52292A16200D0E8F7 /* SecondViewController.swift */,
				D4580FB72292A16200D0E8F7 /* Main.storyboard */,
				D4580FBA2292A16300D0E8F7 /* Assets.xcassets */,
				D4580FBC2292A16300D0E8F7 /* LaunchScreen.storyboard */,
				D4580FBF2292A16300D0E8F7 /* Info.plist */,
			);
			path = RickAndMorty;
			sourceTree = "<group>";
		};
		D4580FC72292A16300D0E8F7 /* RickAndMortyTests */ = {
			isa = PBXGroup;
			children = (
				D487F7B9229352970019D9B3 /* Samples */,
				D4109D8E2293D28700597A49 /* Sample.swift */,
				D4109D902293D2A800597A49 /* DecodingTests.swift */,
				D4109D962293E5D200597A49 /* QueryTests.swift */,
				D4580FCA2292A16300D0E8F7 /* Info.plist */,
			);
			path = RickAndMortyTests;
			sourceTree = "<group>";
		};
		D4580FD32292A4DD00D0E8F7 /* Model */ = {
			isa = PBXGroup;
			children = (
				D4109D942293DB0A00597A49 /* Protocols */,
				D4109D952293DF9100597A49 /* Responses */,
				D4580FD52292B51500D0E8F7 /* Character.swift */,
				D4580FD72292B51E00D0E8F7 /* Location.swift */,
				D487F7B322933FE60019D9B3 /* Info.swift */,
			);
			path = Model;
			sourceTree = "<group>";
		};
		D4580FD42292A4ED00D0E8F7 /* Networking */ = {
			isa = PBXGroup;
			children = (
				D4109D982293EE8600597A49 /* Protocols */,
				D4109DA92293F42400597A49 /* Encoders */,
				D487F7B52293430C0019D9B3 /* Query.swift */,
				D4109DA52293F22E00597A49 /* QueryEndpoint.swift */,
				D4109D9D2293EFD100597A49 /* NetworkingError.swift */,
				D4109D9F2293F0A500597A49 /* HTTPMethod.swift */,
				D4109DA32293F0FF00597A49 /* NetworkingManager.swift */,
				D4109DA12293F0DA00597A49 /* DecodingManager.swift */,
			);
			path = Networking;
			sourceTree = "<group>";
		};
		D487F7B9229352970019D9B3 /* Samples */ = {
			isa = PBXGroup;
			children = (
				D487F7BA229352B40019D9B3 /* Character.json */,
				D487F7BC229352DB0019D9B3 /* Characters.json */,
				D487F7BE229361780019D9B3 /* Location.json */,
			);
			path = Samples;
			sourceTree = "<group>";
		};
/* End PBXGroup section */

/* Begin PBXNativeTarget section */
		D4580FAD2292A16200D0E8F7 /* RickAndMorty */ = {
			isa = PBXNativeTarget;
			buildConfigurationList = D4580FCD2292A16300D0E8F7 /* Build configuration list for PBXNativeTarget "RickAndMorty" */;
			buildPhases = (
				D4580FAA2292A16200D0E8F7 /* Sources */,
				D4580FAB2292A16200D0E8F7 /* Frameworks */,
				D4580FAC2292A16200D0E8F7 /* Resources */,
			);
			buildRules = (
			);
			dependencies = (
			);
			name = RickAndMorty;
			productName = RickAndMorty;
			productReference = D4580FAE2292A16200D0E8F7 /* RickAndMorty.app */;
			productType = "com.apple.product-type.application";
		};
		D4580FC32292A16300D0E8F7 /* RickAndMortyTests */ = {
			isa = PBXNativeTarget;
			buildConfigurationList = D4580FD02292A16300D0E8F7 /* Build configuration list for PBXNativeTarget "RickAndMortyTests" */;
			buildPhases = (
				D4580FC02292A16300D0E8F7 /* Sources */,
				D4580FC12292A16300D0E8F7 /* Frameworks */,
				D4580FC22292A16300D0E8F7 /* Resources */,
			);
			buildRules = (
			);
			dependencies = (
				D4580FC62292A16300D0E8F7 /* PBXTargetDependency */,
			);
			name = RickAndMortyTests;
			productName = RickAndMortyTests;
			productReference = D4580FC42292A16300D0E8F7 /* RickAndMortyTests.xctest */;
			productType = "com.apple.product-type.bundle.unit-test";
		};
/* End PBXNativeTarget section */

/* Begin PBXProject section */
		D4580FA62292A16200D0E8F7 /* Project object */ = {
			isa = PBXProject;
			attributes = {
				LastSwiftUpdateCheck = 1020;
				LastUpgradeCheck = 1020;
				ORGANIZATIONNAME = "Matija Kregar";
				TargetAttributes = {
					D4580FAD2292A16200D0E8F7 = {
						CreatedOnToolsVersion = 10.2.1;
					};
					D4580FC32292A16300D0E8F7 = {
						CreatedOnToolsVersion = 10.2.1;
						TestTargetID = D4580FAD2292A16200D0E8F7;
					};
				};
			};
			buildConfigurationList = D4580FA92292A16200D0E8F7 /* Build configuration list for PBXProject "RickAndMorty" */;
			compatibilityVersion = "Xcode 9.3";
			developmentRegion = en;
			hasScannedForEncodings = 0;
			knownRegions = (
				en,
				Base,
			);
			mainGroup = D4580FA52292A16200D0E8F7;
			productRefGroup = D4580FAF2292A16200D0E8F7 /* Products */;
			projectDirPath = "";
			projectRoot = "";
			targets = (
				D4580FAD2292A16200D0E8F7 /* RickAndMorty */,
				D4580FC32292A16300D0E8F7 /* RickAndMortyTests */,
			);
		};
/* End PBXProject section */

/* Begin PBXResourcesBuildPhase section */
		D4580FAC2292A16200D0E8F7 /* Resources */ = {
			isa = PBXResourcesBuildPhase;
			buildActionMask = 2147483647;
			files = (
				D4580FBE2292A16300D0E8F7 /* LaunchScreen.storyboard in Resources */,
				D4580FBB2292A16300D0E8F7 /* Assets.xcassets in Resources */,
				D4580FB92292A16200D0E8F7 /* Main.storyboard in Resources */,
			);
			runOnlyForDeploymentPostprocessing = 0;
		};
		D4580FC22292A16300D0E8F7 /* Resources */ = {
			isa = PBXResourcesBuildPhase;
			buildActionMask = 2147483647;
			files = (
				D487F7BB229352B40019D9B3 /* Character.json in Resources */,
				D487F7BD229352DB0019D9B3 /* Characters.json in Resources */,
				D487F7BF229361780019D9B3 /* Location.json in Resources */,
			);
			runOnlyForDeploymentPostprocessing = 0;
		};
/* End PBXResourcesBuildPhase section */

/* Begin PBXSourcesBuildPhase section */
		D4580FAA2292A16200D0E8F7 /* Sources */ = {
			isa = PBXSourcesBuildPhase;
			buildActionMask = 2147483647;
			files = (
				D4580FB62292A16200D0E8F7 /* SecondViewController.swift in Sources */,
				D4580FB22292A16200D0E8F7 /* AppDelegate.swift in Sources */,
				D4109DA02293F0A500597A49 /* HTTPMethod.swift in Sources */,
				D4109DA22293F0DA00597A49 /* DecodingManager.swift in Sources */,
				D4580FD82292B51E00D0E8F7 /* Location.swift in Sources */,
				D4109DA42293F0FF00597A49 /* NetworkingManager.swift in Sources */,
				D4580FB42292A16200D0E8F7 /* FirstViewController.swift in Sources */,
				D487F7B62293430C0019D9B3 /* Query.swift in Sources */,
				D4109DAD2293F45800597A49 /* PostParameterEncoder.swift in Sources */,
				D4109D9E2293EFD100597A49 /* NetworkingError.swift in Sources */,
				D4109DAB2293F43E00597A49 /* HeaderEncoder.swift in Sources */,
				D4109DD7229551D100597A49 /* Theme.swift in Sources */,
				D4109DAF2293F47000597A49 /* URLParameterEncoder.swift in Sources */,
				D487F7B822934F640019D9B3 /* ListResponse.swift in Sources */,
				D4580FDB2292C24800D0E8F7 /* Queryable.swift in Sources */,
				D4109D932293D37000597A49 /* ObjectResponse.swift in Sources */,
				D4109DA82293F41600597A49 /* ParameterEncoder.swift in Sources */,
				D4109D9A2293EEDD00597A49 /* Constants.swift in Sources */,
				D4580FD62292B51500D0E8F7 /* Character.swift in Sources */,
				D4109D9C2293EFA200597A49 /* Endpoint.swift in Sources */,
				D4109DA62293F22E00597A49 /* QueryEndpoint.swift in Sources */,
				D487F7B422933FE60019D9B3 /* Info.swift in Sources */,
			);
			runOnlyForDeploymentPostprocessing = 0;
		};
		D4580FC02292A16300D0E8F7 /* Sources */ = {
			isa = PBXSourcesBuildPhase;
			buildActionMask = 2147483647;
			files = (
				D4109D912293D2A800597A49 /* DecodingTests.swift in Sources */,
				D4109D8F2293D28700597A49 /* Sample.swift in Sources */,
				D4109D972293E5D200597A49 /* QueryTests.swift in Sources */,
			);
			runOnlyForDeploymentPostprocessing = 0;
		};
/* End PBXSourcesBuildPhase section */

/* Begin PBXTargetDependency section */
		D4580FC62292A16300D0E8F7 /* PBXTargetDependency */ = {
			isa = PBXTargetDependency;
			target = D4580FAD2292A16200D0E8F7 /* RickAndMorty */;
			targetProxy = D4580FC52292A16300D0E8F7 /* PBXContainerItemProxy */;
		};
/* End PBXTargetDependency section */

/* Begin PBXVariantGroup section */
		D4580FB72292A16200D0E8F7 /* Main.storyboard */ = {
			isa = PBXVariantGroup;
			children = (
				D4580FB82292A16200D0E8F7 /* Base */,
			);
			name = Main.storyboard;
			sourceTree = "<group>";
		};
		D4580FBC2292A16300D0E8F7 /* LaunchScreen.storyboard */ = {
			isa = PBXVariantGroup;
			children = (
				D4580FBD2292A16300D0E8F7 /* Base */,
			);
			name = LaunchScreen.storyboard;
			sourceTree = "<group>";
		};
/* End PBXVariantGroup section */

/* Begin XCBuildConfiguration section */
		D4580FCB2292A16300D0E8F7 /* Debug */ = {
			isa = XCBuildConfiguration;
			buildSettings = {
				ALWAYS_SEARCH_USER_PATHS = NO;
				CLANG_ANALYZER_NONNULL = YES;
				CLANG_ANALYZER_NUMBER_OBJECT_CONVERSION = YES_AGGRESSIVE;
				CLANG_CXX_LANGUAGE_STANDARD = "gnu++14";
				CLANG_CXX_LIBRARY = "libc++";
				CLANG_ENABLE_MODULES = YES;
				CLANG_ENABLE_OBJC_ARC = YES;
				CLANG_ENABLE_OBJC_WEAK = YES;
				CLANG_WARN_BLOCK_CAPTURE_AUTORELEASING = YES;
				CLANG_WARN_BOOL_CONVERSION = YES;
				CLANG_WARN_COMMA = YES;
				CLANG_WARN_CONSTANT_CONVERSION = YES;
				CLANG_WARN_DEPRECATED_OBJC_IMPLEMENTATIONS = YES;
				CLANG_WARN_DIRECT_OBJC_ISA_USAGE = YES_ERROR;
				CLANG_WARN_DOCUMENTATION_COMMENTS = YES;
				CLANG_WARN_EMPTY_BODY = YES;
				CLANG_WARN_ENUM_CONVERSION = YES;
				CLANG_WARN_INFINITE_RECURSION = YES;
				CLANG_WARN_INT_CONVERSION = YES;
				CLANG_WARN_NON_LITERAL_NULL_CONVERSION = YES;
				CLANG_WARN_OBJC_IMPLICIT_RETAIN_SELF = YES;
				CLANG_WARN_OBJC_LITERAL_CONVERSION = YES;
				CLANG_WARN_OBJC_ROOT_CLASS = YES_ERROR;
				CLANG_WARN_RANGE_LOOP_ANALYSIS = YES;
				CLANG_WARN_STRICT_PROTOTYPES = YES;
				CLANG_WARN_SUSPICIOUS_MOVE = YES;
				CLANG_WARN_UNGUARDED_AVAILABILITY = YES_AGGRESSIVE;
				CLANG_WARN_UNREACHABLE_CODE = YES;
				CLANG_WARN__DUPLICATE_METHOD_MATCH = YES;
				CODE_SIGN_IDENTITY = "iPhone Developer";
				COPY_PHASE_STRIP = NO;
				DEBUG_INFORMATION_FORMAT = dwarf;
				ENABLE_STRICT_OBJC_MSGSEND = YES;
				ENABLE_TESTABILITY = YES;
				GCC_C_LANGUAGE_STANDARD = gnu11;
				GCC_DYNAMIC_NO_PIC = NO;
				GCC_NO_COMMON_BLOCKS = YES;
				GCC_OPTIMIZATION_LEVEL = 0;
				GCC_PREPROCESSOR_DEFINITIONS = (
					"DEBUG=1",
					"$(inherited)",
				);
				GCC_WARN_64_TO_32_BIT_CONVERSION = YES;
				GCC_WARN_ABOUT_RETURN_TYPE = YES_ERROR;
				GCC_WARN_UNDECLARED_SELECTOR = YES;
				GCC_WARN_UNINITIALIZED_AUTOS = YES_AGGRESSIVE;
				GCC_WARN_UNUSED_FUNCTION = YES;
				GCC_WARN_UNUSED_VARIABLE = YES;
				IPHONEOS_DEPLOYMENT_TARGET = 12.2;
				MTL_ENABLE_DEBUG_INFO = INCLUDE_SOURCE;
				MTL_FAST_MATH = YES;
				ONLY_ACTIVE_ARCH = YES;
				SDKROOT = iphoneos;
				SWIFT_ACTIVE_COMPILATION_CONDITIONS = DEBUG;
				SWIFT_OPTIMIZATION_LEVEL = "-Onone";
			};
			name = Debug;
		};
		D4580FCC2292A16300D0E8F7 /* Release */ = {
			isa = XCBuildConfiguration;
			buildSettings = {
				ALWAYS_SEARCH_USER_PATHS = NO;
				CLANG_ANALYZER_NONNULL = YES;
				CLANG_ANALYZER_NUMBER_OBJECT_CONVERSION = YES_AGGRESSIVE;
				CLANG_CXX_LANGUAGE_STANDARD = "gnu++14";
				CLANG_CXX_LIBRARY = "libc++";
				CLANG_ENABLE_MODULES = YES;
				CLANG_ENABLE_OBJC_ARC = YES;
				CLANG_ENABLE_OBJC_WEAK = YES;
				CLANG_WARN_BLOCK_CAPTURE_AUTORELEASING = YES;
				CLANG_WARN_BOOL_CONVERSION = YES;
				CLANG_WARN_COMMA = YES;
				CLANG_WARN_CONSTANT_CONVERSION = YES;
				CLANG_WARN_DEPRECATED_OBJC_IMPLEMENTATIONS = YES;
				CLANG_WARN_DIRECT_OBJC_ISA_USAGE = YES_ERROR;
				CLANG_WARN_DOCUMENTATION_COMMENTS = YES;
				CLANG_WARN_EMPTY_BODY = YES;
				CLANG_WARN_ENUM_CONVERSION = YES;
				CLANG_WARN_INFINITE_RECURSION = YES;
				CLANG_WARN_INT_CONVERSION = YES;
				CLANG_WARN_NON_LITERAL_NULL_CONVERSION = YES;
				CLANG_WARN_OBJC_IMPLICIT_RETAIN_SELF = YES;
				CLANG_WARN_OBJC_LITERAL_CONVERSION = YES;
				CLANG_WARN_OBJC_ROOT_CLASS = YES_ERROR;
				CLANG_WARN_RANGE_LOOP_ANALYSIS = YES;
				CLANG_WARN_STRICT_PROTOTYPES = YES;
				CLANG_WARN_SUSPICIOUS_MOVE = YES;
				CLANG_WARN_UNGUARDED_AVAILABILITY = YES_AGGRESSIVE;
				CLANG_WARN_UNREACHABLE_CODE = YES;
				CLANG_WARN__DUPLICATE_METHOD_MATCH = YES;
				CODE_SIGN_IDENTITY = "iPhone Developer";
				COPY_PHASE_STRIP = NO;
				DEBUG_INFORMATION_FORMAT = "dwarf-with-dsym";
				ENABLE_NS_ASSERTIONS = NO;
				ENABLE_STRICT_OBJC_MSGSEND = YES;
				GCC_C_LANGUAGE_STANDARD = gnu11;
				GCC_NO_COMMON_BLOCKS = YES;
				GCC_WARN_64_TO_32_BIT_CONVERSION = YES;
				GCC_WARN_ABOUT_RETURN_TYPE = YES_ERROR;
				GCC_WARN_UNDECLARED_SELECTOR = YES;
				GCC_WARN_UNINITIALIZED_AUTOS = YES_AGGRESSIVE;
				GCC_WARN_UNUSED_FUNCTION = YES;
				GCC_WARN_UNUSED_VARIABLE = YES;
				IPHONEOS_DEPLOYMENT_TARGET = 12.2;
				MTL_ENABLE_DEBUG_INFO = NO;
				MTL_FAST_MATH = YES;
				SDKROOT = iphoneos;
				SWIFT_COMPILATION_MODE = wholemodule;
				SWIFT_OPTIMIZATION_LEVEL = "-O";
				VALIDATE_PRODUCT = YES;
			};
			name = Release;
		};
		D4580FCE2292A16300D0E8F7 /* Debug */ = {
			isa = XCBuildConfiguration;
			buildSettings = {
				ASSETCATALOG_COMPILER_APPICON_NAME = AppIcon;
				CODE_SIGN_STYLE = Automatic;
				DEVELOPMENT_TEAM = 93TVZG5NS7;
				INFOPLIST_FILE = RickAndMorty/Info.plist;
				LD_RUNPATH_SEARCH_PATHS = (
					"$(inherited)",
					"@executable_path/Frameworks",
				);
				PRODUCT_BUNDLE_IDENTIFIER = com.matijakregar.RickAndMorty;
				PRODUCT_NAME = "$(TARGET_NAME)";
				SWIFT_VERSION = 5.0;
				TARGETED_DEVICE_FAMILY = "1,2";
			};
			name = Debug;
		};
		D4580FCF2292A16300D0E8F7 /* Release */ = {
			isa = XCBuildConfiguration;
			buildSettings = {
				ASSETCATALOG_COMPILER_APPICON_NAME = AppIcon;
				CODE_SIGN_STYLE = Automatic;
				DEVELOPMENT_TEAM = 93TVZG5NS7;
				INFOPLIST_FILE = RickAndMorty/Info.plist;
				LD_RUNPATH_SEARCH_PATHS = (
					"$(inherited)",
					"@executable_path/Frameworks",
				);
				PRODUCT_BUNDLE_IDENTIFIER = com.matijakregar.RickAndMorty;
				PRODUCT_NAME = "$(TARGET_NAME)";
				SWIFT_VERSION = 5.0;
				TARGETED_DEVICE_FAMILY = "1,2";
			};
			name = Release;
		};
		D4580FD12292A16300D0E8F7 /* Debug */ = {
			isa = XCBuildConfiguration;
			buildSettings = {
				ALWAYS_EMBED_SWIFT_STANDARD_LIBRARIES = YES;
				BUNDLE_LOADER = "$(TEST_HOST)";
				CODE_SIGN_STYLE = Automatic;
				DEVELOPMENT_TEAM = 93TVZG5NS7;
				INFOPLIST_FILE = RickAndMortyTests/Info.plist;
				LD_RUNPATH_SEARCH_PATHS = (
					"$(inherited)",
					"@executable_path/Frameworks",
					"@loader_path/Frameworks",
				);
				PRODUCT_BUNDLE_IDENTIFIER = com.matijakregar.RickAndMortyTests;
				PRODUCT_NAME = "$(TARGET_NAME)";
				SWIFT_VERSION = 5.0;
				TARGETED_DEVICE_FAMILY = "1,2";
				TEST_HOST = "$(BUILT_PRODUCTS_DIR)/RickAndMorty.app/RickAndMorty";
			};
			name = Debug;
		};
		D4580FD22292A16300D0E8F7 /* Release */ = {
			isa = XCBuildConfiguration;
			buildSettings = {
				ALWAYS_EMBED_SWIFT_STANDARD_LIBRARIES = YES;
				BUNDLE_LOADER = "$(TEST_HOST)";
				CODE_SIGN_STYLE = Automatic;
				DEVELOPMENT_TEAM = 93TVZG5NS7;
				INFOPLIST_FILE = RickAndMortyTests/Info.plist;
				LD_RUNPATH_SEARCH_PATHS = (
					"$(inherited)",
					"@executable_path/Frameworks",
					"@loader_path/Frameworks",
				);
				PRODUCT_BUNDLE_IDENTIFIER = com.matijakregar.RickAndMortyTests;
				PRODUCT_NAME = "$(TARGET_NAME)";
				SWIFT_VERSION = 5.0;
				TARGETED_DEVICE_FAMILY = "1,2";
				TEST_HOST = "$(BUILT_PRODUCTS_DIR)/RickAndMorty.app/RickAndMorty";
			};
			name = Release;
		};
/* End XCBuildConfiguration section */

/* Begin XCConfigurationList section */
		D4580FA92292A16200D0E8F7 /* Build configuration list for PBXProject "RickAndMorty" */ = {
			isa = XCConfigurationList;
			buildConfigurations = (
				D4580FCB2292A16300D0E8F7 /* Debug */,
				D4580FCC2292A16300D0E8F7 /* Release */,
			);
			defaultConfigurationIsVisible = 0;
			defaultConfigurationName = Release;
		};
		D4580FCD2292A16300D0E8F7 /* Build configuration list for PBXNativeTarget "RickAndMorty" */ = {
			isa = XCConfigurationList;
			buildConfigurations = (
				D4580FCE2292A16300D0E8F7 /* Debug */,
				D4580FCF2292A16300D0E8F7 /* Release */,
			);
			defaultConfigurationIsVisible = 0;
			defaultConfigurationName = Release;
		};
		D4580FD02292A16300D0E8F7 /* Build configuration list for PBXNativeTarget "RickAndMortyTests" */ = {
			isa = XCConfigurationList;
			buildConfigurations = (
				D4580FD12292A16300D0E8F7 /* Debug */,
				D4580FD22292A16300D0E8F7 /* Release */,
			);
			defaultConfigurationIsVisible = 0;
			defaultConfigurationName = Release;
		};
/* End XCConfigurationList section */
	};
	rootObject = D4580FA62292A16200D0E8F7 /* Project object */;
}
